// !$*UTF8*$!
{
	archiveVersion = 1;
	classes = {
	};
	objectVersion = 56;
	objects = {

/* Begin PBXBuildFile section */
		C578FDDE2ADA9728004CC479 /* AppDelegate.swift in Sources */ = {isa = PBXBuildFile; fileRef = C578FDDD2ADA9728004CC479 /* AppDelegate.swift */; };
		C578FDE02ADA9728004CC479 /* SceneDelegate.swift in Sources */ = {isa = PBXBuildFile; fileRef = C578FDDF2ADA9728004CC479 /* SceneDelegate.swift */; };
		C578FDE22ADA9728004CC479 /* LoginViewController.swift in Sources */ = {isa = PBXBuildFile; fileRef = C578FDE12ADA9728004CC479 /* LoginViewController.swift */; };
		C578FDE72ADA9729004CC479 /* Assets.xcassets in Resources */ = {isa = PBXBuildFile; fileRef = C578FDE62ADA9729004CC479 /* Assets.xcassets */; };
		C578FDEA2ADA9729004CC479 /* LaunchScreen.storyboard in Resources */ = {isa = PBXBuildFile; fileRef = C578FDE82ADA9729004CC479 /* LaunchScreen.storyboard */; };
		C578FDF22ADA9AB5004CC479 /* LoginView.swift in Sources */ = {isa = PBXBuildFile; fileRef = C578FDF12ADA9AB5004CC479 /* LoginView.swift */; };
		C5CD98862B29513100799ECD /* FirebaseAuth in Frameworks */ = {isa = PBXBuildFile; productRef = C5CD98852B29513100799ECD /* FirebaseAuth */; };
		C5CD98882B29513100799ECD /* FirebaseCrashlytics in Frameworks */ = {isa = PBXBuildFile; productRef = C5CD98872B29513100799ECD /* FirebaseCrashlytics */; };
		C5CD988A2B29513100799ECD /* FirebaseInstallations in Frameworks */ = {isa = PBXBuildFile; productRef = C5CD98892B29513100799ECD /* FirebaseInstallations */; };
		C5CD988C2B29513100799ECD /* FirebaseMLModelDownloader in Frameworks */ = {isa = PBXBuildFile; productRef = C5CD988B2B29513100799ECD /* FirebaseMLModelDownloader */; };
		C5CD988E2B29513100799ECD /* FirebaseMessaging in Frameworks */ = {isa = PBXBuildFile; productRef = C5CD988D2B29513100799ECD /* FirebaseMessaging */; };
		C5CD98902B29513100799ECD /* FirebasePerformance in Frameworks */ = {isa = PBXBuildFile; productRef = C5CD988F2B29513100799ECD /* FirebasePerformance */; };
		C5CD98922B29513100799ECD /* FirebaseRemoteConfig in Frameworks */ = {isa = PBXBuildFile; productRef = C5CD98912B29513100799ECD /* FirebaseRemoteConfig */; };
		C5CD98942B29513100799ECD /* FirebaseRemoteConfigSwift in Frameworks */ = {isa = PBXBuildFile; productRef = C5CD98932B29513100799ECD /* FirebaseRemoteConfigSwift */; };
		C5CD98962B29513100799ECD /* FirebaseStorage in Frameworks */ = {isa = PBXBuildFile; productRef = C5CD98952B29513100799ECD /* FirebaseStorage */; };
		C5CD98982B29513100799ECD /* FirebaseStorageCombine-Community in Frameworks */ = {isa = PBXBuildFile; productRef = C5CD98972B29513100799ECD /* FirebaseStorageCombine-Community */; };
/* End PBXBuildFile section */

/* Begin PBXFileReference section */
		C578FDDA2ADA9728004CC479 /* NFT.app */ = {isa = PBXFileReference; explicitFileType = wrapper.application; includeInIndex = 0; path = NFT.app; sourceTree = BUILT_PRODUCTS_DIR; };
		C578FDDD2ADA9728004CC479 /* AppDelegate.swift */ = {isa = PBXFileReference; lastKnownFileType = sourcecode.swift; path = AppDelegate.swift; sourceTree = "<group>"; };
		C578FDDF2ADA9728004CC479 /* SceneDelegate.swift */ = {isa = PBXFileReference; lastKnownFileType = sourcecode.swift; path = SceneDelegate.swift; sourceTree = "<group>"; };
		C578FDE12ADA9728004CC479 /* LoginViewController.swift */ = {isa = PBXFileReference; lastKnownFileType = sourcecode.swift; path = LoginViewController.swift; sourceTree = "<group>"; };
		C578FDE62ADA9729004CC479 /* Assets.xcassets */ = {isa = PBXFileReference; lastKnownFileType = folder.assetcatalog; path = Assets.xcassets; sourceTree = "<group>"; };
		C578FDE92ADA9729004CC479 /* Base */ = {isa = PBXFileReference; lastKnownFileType = file.storyboard; name = Base; path = Base.lproj/LaunchScreen.storyboard; sourceTree = "<group>"; };
		C578FDEB2ADA9729004CC479 /* Info.plist */ = {isa = PBXFileReference; lastKnownFileType = text.plist.xml; path = Info.plist; sourceTree = "<group>"; };
		C578FDF12ADA9AB5004CC479 /* LoginView.swift */ = {isa = PBXFileReference; lastKnownFileType = sourcecode.swift; path = LoginView.swift; sourceTree = "<group>"; };
/* End PBXFileReference section */

/* Begin PBXFrameworksBuildPhase section */
		C578FDD72ADA9728004CC479 /* Frameworks */ = {
			isa = PBXFrameworksBuildPhase;
			buildActionMask = 2147483647;
			files = (
				C5CD988A2B29513100799ECD /* FirebaseInstallations in Frameworks */,
				C5CD98942B29513100799ECD /* FirebaseRemoteConfigSwift in Frameworks */,
				C5CD98982B29513100799ECD /* FirebaseStorageCombine-Community in Frameworks */,
				C5CD98962B29513100799ECD /* FirebaseStorage in Frameworks */,
				C5CD98862B29513100799ECD /* FirebaseAuth in Frameworks */,
				C5CD98902B29513100799ECD /* FirebasePerformance in Frameworks */,
				C5CD98922B29513100799ECD /* FirebaseRemoteConfig in Frameworks */,
				C5CD988E2B29513100799ECD /* FirebaseMessaging in Frameworks */,
				C5CD98882B29513100799ECD /* FirebaseCrashlytics in Frameworks */,
				C5CD988C2B29513100799ECD /* FirebaseMLModelDownloader in Frameworks */,
			);
			runOnlyForDeploymentPostprocessing = 0;
		};
/* End PBXFrameworksBuildPhase section */

/* Begin PBXGroup section */
		C578FDD12ADA9728004CC479 = {
			isa = PBXGroup;
			children = (
				C578FDDC2ADA9728004CC479 /* NFT */,
				C578FDDB2ADA9728004CC479 /* Products */,
			);
			sourceTree = "<group>";
		};
		C578FDDB2ADA9728004CC479 /* Products */ = {
			isa = PBXGroup;
			children = (
				C578FDDA2ADA9728004CC479 /* NFT.app */,
			);
			name = Products;
			sourceTree = "<group>";
		};
		C578FDDC2ADA9728004CC479 /* NFT */ = {
			isa = PBXGroup;
			children = (
				C578FDDD2ADA9728004CC479 /* AppDelegate.swift */,
				C578FDDF2ADA9728004CC479 /* SceneDelegate.swift */,
				C589FD3D2AE21AAD00E3DF13 /* LoginNFT */,
				C578FDE62ADA9729004CC479 /* Assets.xcassets */,
				C578FDE82ADA9729004CC479 /* LaunchScreen.storyboard */,
				C578FDEB2ADA9729004CC479 /* Info.plist */,
			);
			path = NFT;
			sourceTree = "<group>";
		};
		C589FD3D2AE21AAD00E3DF13 /* LoginNFT */ = {
			isa = PBXGroup;
			children = (
				C578FDE12ADA9728004CC479 /* LoginViewController.swift */,
				C578FDF12ADA9AB5004CC479 /* LoginView.swift */,
			);
			path = LoginNFT;
			sourceTree = "<group>";
		};
/* End PBXGroup section */

/* Begin PBXNativeTarget section */
		C578FDD92ADA9728004CC479 /* NFT */ = {
			isa = PBXNativeTarget;
			buildConfigurationList = C578FDEE2ADA9729004CC479 /* Build configuration list for PBXNativeTarget "NFT" */;
			buildPhases = (
				C578FDD62ADA9728004CC479 /* Sources */,
				C578FDD72ADA9728004CC479 /* Frameworks */,
				C578FDD82ADA9728004CC479 /* Resources */,
			);
			buildRules = (
			);
			dependencies = (
			);
			name = NFT;
			packageProductDependencies = (
				C5CD98852B29513100799ECD /* FirebaseAuth */,
				C5CD98872B29513100799ECD /* FirebaseCrashlytics */,
				C5CD98892B29513100799ECD /* FirebaseInstallations */,
				C5CD988B2B29513100799ECD /* FirebaseMLModelDownloader */,
				C5CD988D2B29513100799ECD /* FirebaseMessaging */,
				C5CD988F2B29513100799ECD /* FirebasePerformance */,
				C5CD98912B29513100799ECD /* FirebaseRemoteConfig */,
				C5CD98932B29513100799ECD /* FirebaseRemoteConfigSwift */,
				C5CD98952B29513100799ECD /* FirebaseStorage */,
				C5CD98972B29513100799ECD /* FirebaseStorageCombine-Community */,
			);
			productName = NFT;
			productReference = C578FDDA2ADA9728004CC479 /* NFT.app */;
			productType = "com.apple.product-type.application";
		};
/* End PBXNativeTarget section */

/* Begin PBXProject section */
		C578FDD22ADA9728004CC479 /* Project object */ = {
			isa = PBXProject;
			attributes = {
				BuildIndependentTargetsInParallel = 1;
				LastSwiftUpdateCheck = 1500;
				LastUpgradeCheck = 1500;
				TargetAttributes = {
					C578FDD92ADA9728004CC479 = {
						CreatedOnToolsVersion = 15.0;
					};
				};
			};
			buildConfigurationList = C578FDD52ADA9728004CC479 /* Build configuration list for PBXProject "NFT" */;
			compatibilityVersion = "Xcode 14.0";
			developmentRegion = en;
			hasScannedForEncodings = 0;
			knownRegions = (
				en,
				Base,
			);
			mainGroup = C578FDD12ADA9728004CC479;
			packageReferences = (
				C5CD98842B29513100799ECD /* XCRemoteSwiftPackageReference "firebase-ios-sdk" */,
			);
			productRefGroup = C578FDDB2ADA9728004CC479 /* Products */;
			projectDirPath = "";
			projectRoot = "";
			targets = (
				C578FDD92ADA9728004CC479 /* NFT */,
			);
		};
/* End PBXProject section */

/* Begin PBXResourcesBuildPhase section */
		C578FDD82ADA9728004CC479 /* Resources */ = {
			isa = PBXResourcesBuildPhase;
			buildActionMask = 2147483647;
			files = (
				C578FDEA2ADA9729004CC479 /* LaunchScreen.storyboard in Resources */,
				C578FDE72ADA9729004CC479 /* Assets.xcassets in Resources */,
			);
			runOnlyForDeploymentPostprocessing = 0;
		};
/* End PBXResourcesBuildPhase section */

/* Begin PBXSourcesBuildPhase section */
		C578FDD62ADA9728004CC479 /* Sources */ = {
			isa = PBXSourcesBuildPhase;
			buildActionMask = 2147483647;
			files = (
				C578FDE22ADA9728004CC479 /* LoginViewController.swift in Sources */,
				C578FDDE2ADA9728004CC479 /* AppDelegate.swift in Sources */,
				C578FDF22ADA9AB5004CC479 /* LoginView.swift in Sources */,
				C578FDE02ADA9728004CC479 /* SceneDelegate.swift in Sources */,
			);
			runOnlyForDeploymentPostprocessing = 0;
		};
/* End PBXSourcesBuildPhase section */

/* Begin PBXVariantGroup section */
		C578FDE82ADA9729004CC479 /* LaunchScreen.storyboard */ = {
			isa = PBXVariantGroup;
			children = (
				C578FDE92ADA9729004CC479 /* Base */,
			);
			name = LaunchScreen.storyboard;
			sourceTree = "<group>";
		};
/* End PBXVariantGroup section */

/* Begin XCBuildConfiguration section */
		C578FDEC2ADA9729004CC479 /* Debug */ = {
			isa = XCBuildConfiguration;
			buildSettings = {
				ALWAYS_SEARCH_USER_PATHS = NO;
				ASSETCATALOG_COMPILER_GENERATE_SWIFT_ASSET_SYMBOL_EXTENSIONS = YES;
				CLANG_ANALYZER_NONNULL = YES;
				CLANG_ANALYZER_NUMBER_OBJECT_CONVERSION = YES_AGGRESSIVE;
				CLANG_CXX_LANGUAGE_STANDARD = "gnu++20";
				CLANG_ENABLE_MODULES = YES;
				CLANG_ENABLE_OBJC_ARC = YES;
				CLANG_ENABLE_OBJC_WEAK = YES;
				CLANG_WARN_BLOCK_CAPTURE_AUTORELEASING = YES;
				CLANG_WARN_BOOL_CONVERSION = YES;
				CLANG_WARN_COMMA = YES;
				CLANG_WARN_CONSTANT_CONVERSION = YES;
				CLANG_WARN_DEPRECATED_OBJC_IMPLEMENTATIONS = YES;
				CLANG_WARN_DIRECT_OBJC_ISA_USAGE = YES_ERROR;
				CLANG_WARN_DOCUMENTATION_COMMENTS = YES;
				CLANG_WARN_EMPTY_BODY = YES;
				CLANG_WARN_ENUM_CONVERSION = YES;
				CLANG_WARN_INFINITE_RECURSION = YES;
				CLANG_WARN_INT_CONVERSION = YES;
				CLANG_WARN_NON_LITERAL_NULL_CONVERSION = YES;
				CLANG_WARN_OBJC_IMPLICIT_RETAIN_SELF = YES;
				CLANG_WARN_OBJC_LITERAL_CONVERSION = YES;
				CLANG_WARN_OBJC_ROOT_CLASS = YES_ERROR;
				CLANG_WARN_QUOTED_INCLUDE_IN_FRAMEWORK_HEADER = YES;
				CLANG_WARN_RANGE_LOOP_ANALYSIS = YES;
				CLANG_WARN_STRICT_PROTOTYPES = YES;
				CLANG_WARN_SUSPICIOUS_MOVE = YES;
				CLANG_WARN_UNGUARDED_AVAILABILITY = YES_AGGRESSIVE;
				CLANG_WARN_UNREACHABLE_CODE = YES;
				CLANG_WARN__DUPLICATE_METHOD_MATCH = YES;
				COPY_PHASE_STRIP = NO;
				DEBUG_INFORMATION_FORMAT = dwarf;
				ENABLE_STRICT_OBJC_MSGSEND = YES;
				ENABLE_TESTABILITY = YES;
				ENABLE_USER_SCRIPT_SANDBOXING = YES;
				GCC_C_LANGUAGE_STANDARD = gnu17;
				GCC_DYNAMIC_NO_PIC = NO;
				GCC_NO_COMMON_BLOCKS = YES;
				GCC_OPTIMIZATION_LEVEL = 0;
				GCC_PREPROCESSOR_DEFINITIONS = (
					"DEBUG=1",
					"$(inherited)",
				);
				GCC_WARN_64_TO_32_BIT_CONVERSION = YES;
				GCC_WARN_ABOUT_RETURN_TYPE = YES_ERROR;
				GCC_WARN_UNDECLARED_SELECTOR = YES;
				GCC_WARN_UNINITIALIZED_AUTOS = YES_AGGRESSIVE;
				GCC_WARN_UNUSED_FUNCTION = YES;
				GCC_WARN_UNUSED_VARIABLE = YES;
				IPHONEOS_DEPLOYMENT_TARGET = 17.0;
				LOCALIZATION_PREFERS_STRING_CATALOGS = YES;
				MTL_ENABLE_DEBUG_INFO = INCLUDE_SOURCE;
				MTL_FAST_MATH = YES;
				ONLY_ACTIVE_ARCH = YES;
				SDKROOT = iphoneos;
				SWIFT_ACTIVE_COMPILATION_CONDITIONS = "DEBUG $(inherited)";
				SWIFT_OPTIMIZATION_LEVEL = "-Onone";
			};
			name = Debug;
		};
		C578FDED2ADA9729004CC479 /* Release */ = {
			isa = XCBuildConfiguration;
			buildSettings = {
				ALWAYS_SEARCH_USER_PATHS = NO;
				ASSETCATALOG_COMPILER_GENERATE_SWIFT_ASSET_SYMBOL_EXTENSIONS = YES;
				CLANG_ANALYZER_NONNULL = YES;
				CLANG_ANALYZER_NUMBER_OBJECT_CONVERSION = YES_AGGRESSIVE;
				CLANG_CXX_LANGUAGE_STANDARD = "gnu++20";
				CLANG_ENABLE_MODULES = YES;
				CLANG_ENABLE_OBJC_ARC = YES;
				CLANG_ENABLE_OBJC_WEAK = YES;
				CLANG_WARN_BLOCK_CAPTURE_AUTORELEASING = YES;
				CLANG_WARN_BOOL_CONVERSION = YES;
				CLANG_WARN_COMMA = YES;
				CLANG_WARN_CONSTANT_CONVERSION = YES;
				CLANG_WARN_DEPRECATED_OBJC_IMPLEMENTATIONS = YES;
				CLANG_WARN_DIRECT_OBJC_ISA_USAGE = YES_ERROR;
				CLANG_WARN_DOCUMENTATION_COMMENTS = YES;
				CLANG_WARN_EMPTY_BODY = YES;
				CLANG_WARN_ENUM_CONVERSION = YES;
				CLANG_WARN_INFINITE_RECURSION = YES;
				CLANG_WARN_INT_CONVERSION = YES;
				CLANG_WARN_NON_LITERAL_NULL_CONVERSION = YES;
				CLANG_WARN_OBJC_IMPLICIT_RETAIN_SELF = YES;
				CLANG_WARN_OBJC_LITERAL_CONVERSION = YES;
				CLANG_WARN_OBJC_ROOT_CLASS = YES_ERROR;
				CLANG_WARN_QUOTED_INCLUDE_IN_FRAMEWORK_HEADER = YES;
				CLANG_WARN_RANGE_LOOP_ANALYSIS = YES;
				CLANG_WARN_STRICT_PROTOTYPES = YES;
				CLANG_WARN_SUSPICIOUS_MOVE = YES;
				CLANG_WARN_UNGUARDED_AVAILABILITY = YES_AGGRESSIVE;
				CLANG_WARN_UNREACHABLE_CODE = YES;
				CLANG_WARN__DUPLICATE_METHOD_MATCH = YES;
				COPY_PHASE_STRIP = NO;
				DEBUG_INFORMATION_FORMAT = "dwarf-with-dsym";
				ENABLE_NS_ASSERTIONS = NO;
				ENABLE_STRICT_OBJC_MSGSEND = YES;
				ENABLE_USER_SCRIPT_SANDBOXING = YES;
				GCC_C_LANGUAGE_STANDARD = gnu17;
				GCC_NO_COMMON_BLOCKS = YES;
				GCC_WARN_64_TO_32_BIT_CONVERSION = YES;
				GCC_WARN_ABOUT_RETURN_TYPE = YES_ERROR;
				GCC_WARN_UNDECLARED_SELECTOR = YES;
				GCC_WARN_UNINITIALIZED_AUTOS = YES_AGGRESSIVE;
				GCC_WARN_UNUSED_FUNCTION = YES;
				GCC_WARN_UNUSED_VARIABLE = YES;
				IPHONEOS_DEPLOYMENT_TARGET = 17.0;
				LOCALIZATION_PREFERS_STRING_CATALOGS = YES;
				MTL_ENABLE_DEBUG_INFO = NO;
				MTL_FAST_MATH = YES;
				SDKROOT = iphoneos;
				SWIFT_COMPILATION_MODE = wholemodule;
				VALIDATE_PRODUCT = YES;
			};
			name = Release;
		};
		C578FDEF2ADA9729004CC479 /* Debug */ = {
			isa = XCBuildConfiguration;
			buildSettings = {
				ASSETCATALOG_COMPILER_APPICON_NAME = AppIcon;
				ASSETCATALOG_COMPILER_GLOBAL_ACCENT_COLOR_NAME = AccentColor;
				CODE_SIGN_STYLE = Automatic;
				CURRENT_PROJECT_VERSION = 1;
				DEVELOPMENT_TEAM = DWNX563SG6;
				GENERATE_INFOPLIST_FILE = YES;
				INFOPLIST_FILE = NFT/Info.plist;
				INFOPLIST_KEY_UIApplicationSupportsIndirectInputEvents = YES;
				INFOPLIST_KEY_UILaunchStoryboardName = LaunchScreen;
				INFOPLIST_KEY_UIMainStoryboardFile = "";
				INFOPLIST_KEY_UISupportedInterfaceOrientations_iPad = "UIInterfaceOrientationPortrait UIInterfaceOrientationPortraitUpsideDown UIInterfaceOrientationLandscapeLeft UIInterfaceOrientationLandscapeRight";
				INFOPLIST_KEY_UISupportedInterfaceOrientations_iPhone = "UIInterfaceOrientationPortrait UIInterfaceOrientationLandscapeLeft UIInterfaceOrientationLandscapeRight";
				LD_RUNPATH_SEARCH_PATHS = (
					"$(inherited)",
					"@executable_path/Frameworks",
				);
				MARKETING_VERSION = 1.0;
				PRODUCT_BUNDLE_IDENTIFIER = com.yurastico.NFT;
				PRODUCT_NAME = "$(TARGET_NAME)";
				SWIFT_EMIT_LOC_STRINGS = YES;
				SWIFT_VERSION = 5.0;
				TARGETED_DEVICE_FAMILY = "1,2";
			};
			name = Debug;
		};
		C578FDF02ADA9729004CC479 /* Release */ = {
			isa = XCBuildConfiguration;
			buildSettings = {
				ASSETCATALOG_COMPILER_APPICON_NAME = AppIcon;
				ASSETCATALOG_COMPILER_GLOBAL_ACCENT_COLOR_NAME = AccentColor;
				CODE_SIGN_STYLE = Automatic;
				CURRENT_PROJECT_VERSION = 1;
				DEVELOPMENT_TEAM = DWNX563SG6;
				GENERATE_INFOPLIST_FILE = YES;
				INFOPLIST_FILE = NFT/Info.plist;
				INFOPLIST_KEY_UIApplicationSupportsIndirectInputEvents = YES;
				INFOPLIST_KEY_UILaunchStoryboardName = LaunchScreen;
				INFOPLIST_KEY_UIMainStoryboardFile = "";
				INFOPLIST_KEY_UISupportedInterfaceOrientations_iPad = "UIInterfaceOrientationPortrait UIInterfaceOrientationPortraitUpsideDown UIInterfaceOrientationLandscapeLeft UIInterfaceOrientationLandscapeRight";
				INFOPLIST_KEY_UISupportedInterfaceOrientations_iPhone = "UIInterfaceOrientationPortrait UIInterfaceOrientationLandscapeLeft UIInterfaceOrientationLandscapeRight";
				LD_RUNPATH_SEARCH_PATHS = (
					"$(inherited)",
					"@executable_path/Frameworks",
				);
				MARKETING_VERSION = 1.0;
				PRODUCT_BUNDLE_IDENTIFIER = com.yurastico.NFT;
				PRODUCT_NAME = "$(TARGET_NAME)";
				SWIFT_EMIT_LOC_STRINGS = YES;
				SWIFT_VERSION = 5.0;
				TARGETED_DEVICE_FAMILY = "1,2";
			};
			name = Release;
		};
/* End XCBuildConfiguration section */

/* Begin XCConfigurationList section */
		C578FDD52ADA9728004CC479 /* Build configuration list for PBXProject "NFT" */ = {
			isa = XCConfigurationList;
			buildConfigurations = (
				C578FDEC2ADA9729004CC479 /* Debug */,
				C578FDED2ADA9729004CC479 /* Release */,
			);
			defaultConfigurationIsVisible = 0;
			defaultConfigurationName = Release;
		};
		C578FDEE2ADA9729004CC479 /* Build configuration list for PBXNativeTarget "NFT" */ = {
			isa = XCConfigurationList;
			buildConfigurations = (
				C578FDEF2ADA9729004CC479 /* Debug */,
				C578FDF02ADA9729004CC479 /* Release */,
			);
			defaultConfigurationIsVisible = 0;
			defaultConfigurationName = Release;
		};
/* End XCConfigurationList section */

/* Begin XCRemoteSwiftPackageReference section */
		C5CD98842B29513100799ECD /* XCRemoteSwiftPackageReference "firebase-ios-sdk" */ = {
			isa = XCRemoteSwiftPackageReference;
			repositoryURL = "https://github.com/firebase/firebase-ios-sdk";
			requirement = {
				kind = upToNextMajorVersion;
				minimumVersion = 10.19.0;
			};
		};
/* End XCRemoteSwiftPackageReference section */

/* Begin XCSwiftPackageProductDependency section */
		C5CD98852B29513100799ECD /* FirebaseAuth */ = {
			isa = XCSwiftPackageProductDependency;
			package = C5CD98842B29513100799ECD /* XCRemoteSwiftPackageReference "firebase-ios-sdk" */;
			productName = FirebaseAuth;
		};
		C5CD98872B29513100799ECD /* FirebaseCrashlytics */ = {
			isa = XCSwiftPackageProductDependency;
			package = C5CD98842B29513100799ECD /* XCRemoteSwiftPackageReference "firebase-ios-sdk" */;
			productName = FirebaseCrashlytics;
		};
		C5CD98892B29513100799ECD /* FirebaseInstallations */ = {
			isa = XCSwiftPackageProductDependency;
			package = C5CD98842B29513100799ECD /* XCRemoteSwiftPackageReference "firebase-ios-sdk" */;
			productName = FirebaseInstallations;
		};
		C5CD988B2B29513100799ECD /* FirebaseMLModelDownloader */ = {
			isa = XCSwiftPackageProductDependency;
			package = C5CD98842B29513100799ECD /* XCRemoteSwiftPackageReference "firebase-ios-sdk" */;
			productName = FirebaseMLModelDownloader;
		};
		C5CD988D2B29513100799ECD /* FirebaseMessaging */ = {
			isa = XCSwiftPackageProductDependency;
			package = C5CD98842B29513100799ECD /* XCRemoteSwiftPackageReference "firebase-ios-sdk" */;
			productName = FirebaseMessaging;
		};
		C5CD988F2B29513100799ECD /* FirebasePerformance */ = {
			isa = XCSwiftPackageProductDependency;
			package = C5CD98842B29513100799ECD /* XCRemoteSwiftPackageReference "firebase-ios-sdk" */;
			productName = FirebasePerformance;
		};
		C5CD98912B29513100799ECD /* FirebaseRemoteConfig */ = {
			isa = XCSwiftPackageProductDependency;
			package = C5CD98842B29513100799ECD /* XCRemoteSwiftPackageReference "firebase-ios-sdk" */;
			productName = FirebaseRemoteConfig;
		};
		C5CD98932B29513100799ECD /* FirebaseRemoteConfigSwift */ = {
			isa = XCSwiftPackageProductDependency;
			package = C5CD98842B29513100799ECD /* XCRemoteSwiftPackageReference "firebase-ios-sdk" */;
			productName = FirebaseRemoteConfigSwift;
		};
		C5CD98952B29513100799ECD /* FirebaseStorage */ = {
			isa = XCSwiftPackageProductDependency;
			package = C5CD98842B29513100799ECD /* XCRemoteSwiftPackageReference "firebase-ios-sdk" */;
			productName = FirebaseStorage;
		};
		C5CD98972B29513100799ECD /* FirebaseStorageCombine-Community */ = {
			isa = XCSwiftPackageProductDependency;
			package = C5CD98842B29513100799ECD /* XCRemoteSwiftPackageReference "firebase-ios-sdk" */;
			productName = "FirebaseStorageCombine-Community";
		};
/* End XCSwiftPackageProductDependency section */
	};
	rootObject = C578FDD22ADA9728004CC479 /* Project object */;
}
